
Microsoft Visual Studio Solution File, Format Version 12.00
# Visual Studio Version 17
VisualStudioVersion = 17.8.34511.84
MinimumVisualStudioVersion = 10.0.40219.1
Project("{FAE04EC0-301F-11D3-BF4B-00C04F79EFBC}") = "IV3_CESAT", "IV3_CESAT\IV3_CESAT.csproj", "{5504A9E4-1402-4D90-B502-369AB01492F5}"
EndProject
Global
	GlobalSection(SolutionConfigurationPlatforms) = preSolution
		Debug|Any CPU = Debug|Any CPU
		Release|Any CPU = Release|Any CPU
	EndGlobalSection
	GlobalSection(ProjectConfigurationPlatforms) = postSolution
		{5504A9E4-1402-4D90-B502-369AB01492F5}.Debug|Any CPU.ActiveCfg = Debug|Any CPU
		{5504A9E4-1402-4D90-B502-369AB01492F5}.Debug|Any CPU.Build.0 = Debug|Any CPU
		{5504A9E4-1402-4D90-B502-369AB01492F5}.Release|Any CPU.ActiveCfg = Release|Any CPU
		{5504A9E4-1402-4D90-B502-369AB01492F5}.Release|Any CPU.Build.0 = Release|Any CPU
	EndGlobalSection
	GlobalSection(SolutionProperties) = preSolution
		HideSolutionNode = FALSE
	EndGlobalSection
	GlobalSection(ExtensibilityGlobals) = postSolution
		SolutionGuid = {157DD7AF-5346-4B53-ACFB-C1707FDE6851}
	EndGlobalSection
EndGlobal
